
Microsoft Visual Studio Solution File, Format Version 12.00
# Visual Studio 15
VisualStudioVersion = 15.0.27428.2005
MinimumVisualStudioVersion = 10.0.40219.1
Project("{FAE04EC0-301F-11D3-BF4B-00C04F79EFBC}") = "ConsoleApp1", "ConsoleApp1\ConsoleApp1.csproj", "{15E7542D-5118-4287-A71E-BACAC6440BCC}"
EndProject
Global
	GlobalSection(SolutionConfigurationPlatforms) = preSolution
		Debug|Any CPU = Debug|Any CPU
		Release|Any CPU = Release|Any CPU
	EndGlobalSection
	GlobalSection(ProjectConfigurationPlatforms) = postSolution
		{15E7542D-5118-4287-A71E-BACAC6440BCC}.Debug|Any CPU.ActiveCfg = Debug|Any CPU
		{15E7542D-5118-4287-A71E-BACAC6440BCC}.Debug|Any CPU.Build.0 = Debug|Any CPU
		{15E7542D-5118-4287-A71E-BACAC6440BCC}.Release|Any CPU.ActiveCfg = Release|Any CPU
		{15E7542D-5118-4287-A71E-BACAC6440BCC}.Release|Any CPU.Build.0 = Release|Any CPU
	EndGlobalSection
	GlobalSection(SolutionProperties) = preSolution
		HideSolutionNode = FALSE
	EndGlobalSection
	GlobalSection(ExtensibilityGlobals) = postSolution
		SolutionGuid = {4AD8C501-9F78-467E-834B-A6EEBF17926A}
	EndGlobalSection
EndGlobal
